
Microsoft Visual Studio Solution File, Format Version 12.00
# Visual Studio 15
VisualStudioVersion = 15.0.28307.421
MinimumVisualStudioVersion = 10.0.40219.1
Project("{FAE04EC0-301F-11D3-BF4B-00C04F79EFBC}") = "GuessMyNumberGame", "GuessMyNumberGame\GuessMyNumberGame.csproj", "{30BC61AB-565D-45EC-ACE5-0257A4EC82E4}"
EndProject
Project("{FAE04EC0-301F-11D3-BF4B-00C04F79EFBC}") = "GuessMyNumberLieberry", "GuessMyNumberLieberry\GuessMyNumberLieberry.csproj", "{9BF06598-1851-441C-9916-743ED3E01352}"
EndProject
Global
	GlobalSection(SolutionConfigurationPlatforms) = preSolution
		Debug|Any CPU = Debug|Any CPU
		Release|Any CPU = Release|Any CPU
	EndGlobalSection
	GlobalSection(ProjectConfigurationPlatforms) = postSolution
		{30BC61AB-565D-45EC-ACE5-0257A4EC82E4}.Debug|Any CPU.ActiveCfg = Debug|Any CPU
		{30BC61AB-565D-45EC-ACE5-0257A4EC82E4}.Debug|Any CPU.Build.0 = Debug|Any CPU
		{30BC61AB-565D-45EC-ACE5-0257A4EC82E4}.Release|Any CPU.ActiveCfg = Release|Any CPU
		{30BC61AB-565D-45EC-ACE5-0257A4EC82E4}.Release|Any CPU.Build.0 = Release|Any CPU
		{9BF06598-1851-441C-9916-743ED3E01352}.Debug|Any CPU.ActiveCfg = Debug|Any CPU
		{9BF06598-1851-441C-9916-743ED3E01352}.Debug|Any CPU.Build.0 = Debug|Any CPU
		{9BF06598-1851-441C-9916-743ED3E01352}.Release|Any CPU.ActiveCfg = Release|Any CPU
		{9BF06598-1851-441C-9916-743ED3E01352}.Release|Any CPU.Build.0 = Release|Any CPU
	EndGlobalSection
	GlobalSection(SolutionProperties) = preSolution
		HideSolutionNode = FALSE
	EndGlobalSection
	GlobalSection(ExtensibilityGlobals) = postSolution
		SolutionGuid = {3EC351FE-4B9D-442A-B607-D4233BC9A555}
	EndGlobalSection
EndGlobal
